// !$*UTF8*$!
{
	archiveVersion = 1;
	classes = {
	};
	objectVersion = 50;
	objects = {

/* Begin PBXBuildFile section */
		B10D43AF24ECB33400DCC642 /* Grid.swift in Sources */ = {isa = PBXBuildFile; fileRef = B10D43AE24ECB33400DCC642 /* Grid.swift */; };
		B10D43B124ECB69F00DCC642 /* GridLayout.swift in Sources */ = {isa = PBXBuildFile; fileRef = B10D43B024ECB69F00DCC642 /* GridLayout.swift */; };
		B10D43B324ECB94600DCC642 /* Array+Identifiable.swift in Sources */ = {isa = PBXBuildFile; fileRef = B10D43B224ECB94600DCC642 /* Array+Identifiable.swift */; };
		B122959E24E0AEAF0087B8BC /* AppDelegate.swift in Sources */ = {isa = PBXBuildFile; fileRef = B122959D24E0AEAF0087B8BC /* AppDelegate.swift */; };
		B12295A024E0AEAF0087B8BC /* SceneDelegate.swift in Sources */ = {isa = PBXBuildFile; fileRef = B122959F24E0AEAF0087B8BC /* SceneDelegate.swift */; };
		B12295A224E0AEAF0087B8BC /* EmojiMemoryGameView.swift in Sources */ = {isa = PBXBuildFile; fileRef = B12295A124E0AEAF0087B8BC /* EmojiMemoryGameView.swift */; };
		B12295A424E0AEB10087B8BC /* Assets.xcassets in Resources */ = {isa = PBXBuildFile; fileRef = B12295A324E0AEB10087B8BC /* Assets.xcassets */; };
		B12295A724E0AEB10087B8BC /* Preview Assets.xcassets in Resources */ = {isa = PBXBuildFile; fileRef = B12295A624E0AEB10087B8BC /* Preview Assets.xcassets */; };
		B12295AA24E0AEB10087B8BC /* LaunchScreen.storyboard in Resources */ = {isa = PBXBuildFile; fileRef = B12295A824E0AEB10087B8BC /* LaunchScreen.storyboard */; };
		B12295B224E0C00E0087B8BC /* MemoryGame.swift in Sources */ = {isa = PBXBuildFile; fileRef = B12295B124E0C00E0087B8BC /* MemoryGame.swift */; };
		B12295B424E0C1DF0087B8BC /* EmojiMemoryGame.swift in Sources */ = {isa = PBXBuildFile; fileRef = B12295B324E0C1DF0087B8BC /* EmojiMemoryGame.swift */; };
/* End PBXBuildFile section */

/* Begin PBXFileReference section */
		B10D43AE24ECB33400DCC642 /* Grid.swift */ = {isa = PBXFileReference; lastKnownFileType = sourcecode.swift; path = Grid.swift; sourceTree = "<group>"; };
		B10D43B024ECB69F00DCC642 /* GridLayout.swift */ = {isa = PBXFileReference; fileEncoding = 4; lastKnownFileType = sourcecode.swift; path = GridLayout.swift; sourceTree = "<group>"; };
		B10D43B224ECB94600DCC642 /* Array+Identifiable.swift */ = {isa = PBXFileReference; lastKnownFileType = sourcecode.swift; path = "Array+Identifiable.swift"; sourceTree = "<group>"; };
		B122959A24E0AEAF0087B8BC /* Memorize.app */ = {isa = PBXFileReference; explicitFileType = wrapper.application; includeInIndex = 0; path = Memorize.app; sourceTree = BUILT_PRODUCTS_DIR; };
		B122959D24E0AEAF0087B8BC /* AppDelegate.swift */ = {isa = PBXFileReference; lastKnownFileType = sourcecode.swift; path = AppDelegate.swift; sourceTree = "<group>"; };
		B122959F24E0AEAF0087B8BC /* SceneDelegate.swift */ = {isa = PBXFileReference; lastKnownFileType = sourcecode.swift; path = SceneDelegate.swift; sourceTree = "<group>"; };
		B12295A124E0AEAF0087B8BC /* EmojiMemoryGameView.swift */ = {isa = PBXFileReference; lastKnownFileType = sourcecode.swift; path = EmojiMemoryGameView.swift; sourceTree = "<group>"; };
		B12295A324E0AEB10087B8BC /* Assets.xcassets */ = {isa = PBXFileReference; lastKnownFileType = folder.assetcatalog; path = Assets.xcassets; sourceTree = "<group>"; };
		B12295A624E0AEB10087B8BC /* Preview Assets.xcassets */ = {isa = PBXFileReference; lastKnownFileType = folder.assetcatalog; path = "Preview Assets.xcassets"; sourceTree = "<group>"; };
		B12295A924E0AEB10087B8BC /* Base */ = {isa = PBXFileReference; lastKnownFileType = file.storyboard; name = Base; path = Base.lproj/LaunchScreen.storyboard; sourceTree = "<group>"; };
		B12295AB24E0AEB10087B8BC /* Info.plist */ = {isa = PBXFileReference; lastKnownFileType = text.plist.xml; path = Info.plist; sourceTree = "<group>"; };
		B12295B124E0C00E0087B8BC /* MemoryGame.swift */ = {isa = PBXFileReference; lastKnownFileType = sourcecode.swift; path = MemoryGame.swift; sourceTree = "<group>"; };
		B12295B324E0C1DF0087B8BC /* EmojiMemoryGame.swift */ = {isa = PBXFileReference; lastKnownFileType = sourcecode.swift; path = EmojiMemoryGame.swift; sourceTree = "<group>"; };
/* End PBXFileReference section */

/* Begin PBXFrameworksBuildPhase section */
		B122959724E0AEAF0087B8BC /* Frameworks */ = {
			isa = PBXFrameworksBuildPhase;
			buildActionMask = 2147483647;
			files = (
			);
			runOnlyForDeploymentPostprocessing = 0;
		};
/* End PBXFrameworksBuildPhase section */

/* Begin PBXGroup section */
		B122959124E0AEAF0087B8BC = {
			isa = PBXGroup;
			children = (
				B122959C24E0AEAF0087B8BC /* Memorize */,
				B122959B24E0AEAF0087B8BC /* Products */,
			);
			sourceTree = "<group>";
		};
		B122959B24E0AEAF0087B8BC /* Products */ = {
			isa = PBXGroup;
			children = (
				B122959A24E0AEAF0087B8BC /* Memorize.app */,
			);
			name = Products;
			sourceTree = "<group>";
		};
		B122959C24E0AEAF0087B8BC /* Memorize */ = {
			isa = PBXGroup;
			children = (
				B122959D24E0AEAF0087B8BC /* AppDelegate.swift */,
				B10D43B224ECB94600DCC642 /* Array+Identifiable.swift */,
				B122959F24E0AEAF0087B8BC /* SceneDelegate.swift */,
				B12295A124E0AEAF0087B8BC /* EmojiMemoryGameView.swift */,
				B12295B124E0C00E0087B8BC /* MemoryGame.swift */,
				B12295B324E0C1DF0087B8BC /* EmojiMemoryGame.swift */,
				B10D43AE24ECB33400DCC642 /* Grid.swift */,
				B10D43B024ECB69F00DCC642 /* GridLayout.swift */,
				B12295A324E0AEB10087B8BC /* Assets.xcassets */,
				B12295A824E0AEB10087B8BC /* LaunchScreen.storyboard */,
				B12295AB24E0AEB10087B8BC /* Info.plist */,
				B12295A524E0AEB10087B8BC /* Preview Content */,
			);
			path = Memorize;
			sourceTree = "<group>";
		};
		B12295A524E0AEB10087B8BC /* Preview Content */ = {
			isa = PBXGroup;
			children = (
				B12295A624E0AEB10087B8BC /* Preview Assets.xcassets */,
			);
			path = "Preview Content";
			sourceTree = "<group>";
		};
/* End PBXGroup section */

/* Begin PBXNativeTarget section */
		B122959924E0AEAF0087B8BC /* Memorize */ = {
			isa = PBXNativeTarget;
			buildConfigurationList = B12295AE24E0AEB10087B8BC /* Build configuration list for PBXNativeTarget "Memorize" */;
			buildPhases = (
				B122959624E0AEAF0087B8BC /* Sources */,
				B122959724E0AEAF0087B8BC /* Frameworks */,
				B122959824E0AEAF0087B8BC /* Resources */,
			);
			buildRules = (
			);
			dependencies = (
			);
			name = Memorize;
			productName = Memorize;
			productReference = B122959A24E0AEAF0087B8BC /* Memorize.app */;
			productType = "com.apple.product-type.application";
		};
/* End PBXNativeTarget section */

/* Begin PBXProject section */
		B122959224E0AEAF0087B8BC /* Project object */ = {
			isa = PBXProject;
			attributes = {
				LastSwiftUpdateCheck = 1160;
				LastUpgradeCheck = 1160;
				ORGANIZATIONNAME = Banky;
				TargetAttributes = {
					B122959924E0AEAF0087B8BC = {
						CreatedOnToolsVersion = 11.6;
					};
				};
			};
			buildConfigurationList = B122959524E0AEAF0087B8BC /* Build configuration list for PBXProject "Memorize" */;
			compatibilityVersion = "Xcode 9.3";
			developmentRegion = en;
			hasScannedForEncodings = 0;
			knownRegions = (
				en,
				Base,
			);
			mainGroup = B122959124E0AEAF0087B8BC;
			productRefGroup = B122959B24E0AEAF0087B8BC /* Products */;
			projectDirPath = "";
			projectRoot = "";
			targets = (
				B122959924E0AEAF0087B8BC /* Memorize */,
			);
		};
/* End PBXProject section */

/* Begin PBXResourcesBuildPhase section */
		B122959824E0AEAF0087B8BC /* Resources */ = {
			isa = PBXResourcesBuildPhase;
			buildActionMask = 2147483647;
			files = (
				B12295AA24E0AEB10087B8BC /* LaunchScreen.storyboard in Resources */,
				B12295A724E0AEB10087B8BC /* Preview Assets.xcassets in Resources */,
				B12295A424E0AEB10087B8BC /* Assets.xcassets in Resources */,
			);
			runOnlyForDeploymentPostprocessing = 0;
		};
/* End PBXResourcesBuildPhase section */

/* Begin PBXSourcesBuildPhase section */
		B122959624E0AEAF0087B8BC /* Sources */ = {
			isa = PBXSourcesBuildPhase;
			buildActionMask = 2147483647;
			files = (
				B122959E24E0AEAF0087B8BC /* AppDelegate.swift in Sources */,
				B12295A024E0AEAF0087B8BC /* SceneDelegate.swift in Sources */,
				B12295B224E0C00E0087B8BC /* MemoryGame.swift in Sources */,
				B12295A224E0AEAF0087B8BC /* EmojiMemoryGameView.swift in Sources */,
				B12295B424E0C1DF0087B8BC /* EmojiMemoryGame.swift in Sources */,
				B10D43B324ECB94600DCC642 /* Array+Identifiable.swift in Sources */,
				B10D43B124ECB69F00DCC642 /* GridLayout.swift in Sources */,
				B10D43AF24ECB33400DCC642 /* Grid.swift in Sources */,
			);
			runOnlyForDeploymentPostprocessing = 0;
		};
/* End PBXSourcesBuildPhase section */

/* Begin PBXVariantGroup section */
		B12295A824E0AEB10087B8BC /* LaunchScreen.storyboard */ = {
			isa = PBXVariantGroup;
			children = (
				B12295A924E0AEB10087B8BC /* Base */,
			);
			name = LaunchScreen.storyboard;
			sourceTree = "<group>";
		};
/* End PBXVariantGroup section */

/* Begin XCBuildConfiguration section */
		B12295AC24E0AEB10087B8BC /* Debug */ = {
			isa = XCBuildConfiguration;
			buildSettings = {
				ALWAYS_SEARCH_USER_PATHS = NO;
				CLANG_ANALYZER_NONNULL = YES;
				CLANG_ANALYZER_NUMBER_OBJECT_CONVERSION = YES_AGGRESSIVE;
				CLANG_CXX_LANGUAGE_STANDARD = "gnu++14";
				CLANG_CXX_LIBRARY = "libc++";
				CLANG_ENABLE_MODULES = YES;
				CLANG_ENABLE_OBJC_ARC = YES;
				CLANG_ENABLE_OBJC_WEAK = YES;
				CLANG_WARN_BLOCK_CAPTURE_AUTORELEASING = YES;
				CLANG_WARN_BOOL_CONVERSION = YES;
				CLANG_WARN_COMMA = YES;
				CLANG_WARN_CONSTANT_CONVERSION = YES;
				CLANG_WARN_DEPRECATED_OBJC_IMPLEMENTATIONS = YES;
				CLANG_WARN_DIRECT_OBJC_ISA_USAGE = YES_ERROR;
				CLANG_WARN_DOCUMENTATION_COMMENTS = YES;
				CLANG_WARN_EMPTY_BODY = YES;
				CLANG_WARN_ENUM_CONVERSION = YES;
				CLANG_WARN_INFINITE_RECURSION = YES;
				CLANG_WARN_INT_CONVERSION = YES;
				CLANG_WARN_NON_LITERAL_NULL_CONVERSION = YES;
				CLANG_WARN_OBJC_IMPLICIT_RETAIN_SELF = YES;
				CLANG_WARN_OBJC_LITERAL_CONVERSION = YES;
				CLANG_WARN_OBJC_ROOT_CLASS = YES_ERROR;
				CLANG_WARN_RANGE_LOOP_ANALYSIS = YES;
				CLANG_WARN_STRICT_PROTOTYPES = YES;
				CLANG_WARN_SUSPICIOUS_MOVE = YES;
				CLANG_WARN_UNGUARDED_AVAILABILITY = YES_AGGRESSIVE;
				CLANG_WARN_UNREACHABLE_CODE = YES;
				CLANG_WARN__DUPLICATE_METHOD_MATCH = YES;
				COPY_PHASE_STRIP = NO;
				DEBUG_INFORMATION_FORMAT = dwarf;
				ENABLE_STRICT_OBJC_MSGSEND = YES;
				ENABLE_TESTABILITY = YES;
				GCC_C_LANGUAGE_STANDARD = gnu11;
				GCC_DYNAMIC_NO_PIC = NO;
				GCC_NO_COMMON_BLOCKS = YES;
				GCC_OPTIMIZATION_LEVEL = 0;
				GCC_PREPROCESSOR_DEFINITIONS = (
					"DEBUG=1",
					"$(inherited)",
				);
				GCC_WARN_64_TO_32_BIT_CONVERSION = YES;
				GCC_WARN_ABOUT_RETURN_TYPE = YES_ERROR;
				GCC_WARN_UNDECLARED_SELECTOR = YES;
				GCC_WARN_UNINITIALIZED_AUTOS = YES_AGGRESSIVE;
				GCC_WARN_UNUSED_FUNCTION = YES;
				GCC_WARN_UNUSED_VARIABLE = YES;
				IPHONEOS_DEPLOYMENT_TARGET = 13.6;
				MTL_ENABLE_DEBUG_INFO = INCLUDE_SOURCE;
				MTL_FAST_MATH = YES;
				ONLY_ACTIVE_ARCH = YES;
				SDKROOT = iphoneos;
				SWIFT_ACTIVE_COMPILATION_CONDITIONS = DEBUG;
				SWIFT_OPTIMIZATION_LEVEL = "-Onone";
			};
			name = Debug;
		};
		B12295AD24E0AEB10087B8BC /* Release */ = {
			isa = XCBuildConfiguration;
			buildSettings = {
				ALWAYS_SEARCH_USER_PATHS = NO;
				CLANG_ANALYZER_NONNULL = YES;
				CLANG_ANALYZER_NUMBER_OBJECT_CONVERSION = YES_AGGRESSIVE;
				CLANG_CXX_LANGUAGE_STANDARD = "gnu++14";
				CLANG_CXX_LIBRARY = "libc++";
				CLANG_ENABLE_MODULES = YES;
				CLANG_ENABLE_OBJC_ARC = YES;
				CLANG_ENABLE_OBJC_WEAK = YES;
				CLANG_WARN_BLOCK_CAPTURE_AUTORELEASING = YES;
				CLANG_WARN_BOOL_CONVERSION = YES;
				CLANG_WARN_COMMA = YES;
				CLANG_WARN_CONSTANT_CONVERSION = YES;
				CLANG_WARN_DEPRECATED_OBJC_IMPLEMENTATIONS = YES;
				CLANG_WARN_DIRECT_OBJC_ISA_USAGE = YES_ERROR;
				CLANG_WARN_DOCUMENTATION_COMMENTS = YES;
				CLANG_WARN_EMPTY_BODY = YES;
				CLANG_WARN_ENUM_CONVERSION = YES;
				CLANG_WARN_INFINITE_RECURSION = YES;
				CLANG_WARN_INT_CONVERSION = YES;
				CLANG_WARN_NON_LITERAL_NULL_CONVERSION = YES;
				CLANG_WARN_OBJC_IMPLICIT_RETAIN_SELF = YES;
				CLANG_WARN_OBJC_LITERAL_CONVERSION = YES;
				CLANG_WARN_OBJC_ROOT_CLASS = YES_ERROR;
				CLANG_WARN_RANGE_LOOP_ANALYSIS = YES;
				CLANG_WARN_STRICT_PROTOTYPES = YES;
				CLANG_WARN_SUSPICIOUS_MOVE = YES;
				CLANG_WARN_UNGUARDED_AVAILABILITY = YES_AGGRESSIVE;
				CLANG_WARN_UNREACHABLE_CODE = YES;
				CLANG_WARN__DUPLICATE_METHOD_MATCH = YES;
				COPY_PHASE_STRIP = NO;
				DEBUG_INFORMATION_FORMAT = "dwarf-with-dsym";
				ENABLE_NS_ASSERTIONS = NO;
				ENABLE_STRICT_OBJC_MSGSEND = YES;
				GCC_C_LANGUAGE_STANDARD = gnu11;
				GCC_NO_COMMON_BLOCKS = YES;
				GCC_WARN_64_TO_32_BIT_CONVERSION = YES;
				GCC_WARN_ABOUT_RETURN_TYPE = YES_ERROR;
				GCC_WARN_UNDECLARED_SELECTOR = YES;
				GCC_WARN_UNINITIALIZED_AUTOS = YES_AGGRESSIVE;
				GCC_WARN_UNUSED_FUNCTION = YES;
				GCC_WARN_UNUSED_VARIABLE = YES;
				IPHONEOS_DEPLOYMENT_TARGET = 13.6;
				MTL_ENABLE_DEBUG_INFO = NO;
				MTL_FAST_MATH = YES;
				SDKROOT = iphoneos;
				SWIFT_COMPILATION_MODE = wholemodule;
				SWIFT_OPTIMIZATION_LEVEL = "-O";
				VALIDATE_PRODUCT = YES;
			};
			name = Release;
		};
		B12295AF24E0AEB10087B8BC /* Debug */ = {
			isa = XCBuildConfiguration;
			buildSettings = {
				ASSETCATALOG_COMPILER_APPICON_NAME = AppIcon;
				CODE_SIGN_STYLE = Automatic;
				DEVELOPMENT_ASSET_PATHS = "\"Memorize/Preview Content\"";
				DEVELOPMENT_TEAM = 9K83JB75UC;
				ENABLE_PREVIEWS = YES;
				INFOPLIST_FILE = Memorize/Info.plist;
				LD_RUNPATH_SEARCH_PATHS = (
					"$(inherited)",
					"@executable_path/Frameworks",
				);
				PRODUCT_BUNDLE_IDENTIFIER = Banky.Memorize;
				PRODUCT_NAME = "$(TARGET_NAME)";
				SWIFT_VERSION = 5.0;
				TARGETED_DEVICE_FAMILY = "1,2";
			};
			name = Debug;
		};
		B12295B024E0AEB10087B8BC /* Release */ = {
			isa = XCBuildConfiguration;
			buildSettings = {
				ASSETCATALOG_COMPILER_APPICON_NAME = AppIcon;
				CODE_SIGN_STYLE = Automatic;
				DEVELOPMENT_ASSET_PATHS = "\"Memorize/Preview Content\"";
				DEVELOPMENT_TEAM = 9K83JB75UC;
				ENABLE_PREVIEWS = YES;
				INFOPLIST_FILE = Memorize/Info.plist;
				LD_RUNPATH_SEARCH_PATHS = (
					"$(inherited)",
					"@executable_path/Frameworks",
				);
				PRODUCT_BUNDLE_IDENTIFIER = Banky.Memorize;
				PRODUCT_NAME = "$(TARGET_NAME)";
				SWIFT_VERSION = 5.0;
				TARGETED_DEVICE_FAMILY = "1,2";
			};
			name = Release;
		};
/* End XCBuildConfiguration section */

/* Begin XCConfigurationList section */
		B122959524E0AEAF0087B8BC /* Build configuration list for PBXProject "Memorize" */ = {
			isa = XCConfigurationList;
			buildConfigurations = (
				B12295AC24E0AEB10087B8BC /* Debug */,
				B12295AD24E0AEB10087B8BC /* Release */,
			);
			defaultConfigurationIsVisible = 0;
			defaultConfigurationName = Release;
		};
		B12295AE24E0AEB10087B8BC /* Build configuration list for PBXNativeTarget "Memorize" */ = {
			isa = XCConfigurationList;
			buildConfigurations = (
				B12295AF24E0AEB10087B8BC /* Debug */,
				B12295B024E0AEB10087B8BC /* Release */,
			);
			defaultConfigurationIsVisible = 0;
			defaultConfigurationName = Release;
		};
/* End XCConfigurationList section */
	};
	rootObject = B122959224E0AEAF0087B8BC /* Project object */;
}
